<?xml version="1.0" encoding="utf-8"?>
<Project ToolsVersion="4.0" xmlns="http://schemas.microsoft.com/developer/msbuild/2003">
  <ItemGroup>
    <Filter Include="Source Files">
      <UniqueIdentifier>{4FC737F1-C7A5-4376-A066-2A32D752A2FF}</UniqueIdentifier>
      <Extensions>cpp;c;cc;cxx;def;odl;idl;hpj;bat;asm;asmx</Extensions>
    </Filter>
    <Filter Include="Header Files">
      <UniqueIdentifier>{93995380-89BD-4b04-88EB-625FBE52EBFB}</UniqueIdentifier>
      <Extensions>h;hh;hpp;hxx;hm;inl;inc;ipp;xsd</Extensions>
    </Filter>
    <Filter Include="Resource Files">
      <UniqueIdentifier>{67DA6AB6-F800-4c08-8B7A-83BB121AAD01}</UniqueIdentifier>
      <Extensions>rc;ico;cur;bmp;dlg;rc2;rct;bin;rgs;gif;jpg;jpeg;jpe;resx;tiff;tif;png;wav;mfcribbon-ms</Extensions>
    </Filter>
  </ItemGroup>
  <ItemGroup>
    <ClCompile Include="..\main.cpp">
      <Filter>Source Files</Filter>
    </ClCompile>
    <ClCompile Include="..\GameTestSequence.cpp">
      <Filter>Source Files</Filter>
    </ClCompile>
    <ClCompile Include="..\GameTestInstance.cpp">
      <Filter>Source Files</Filter>
    </ClCompile>
    <ClCompile Include="..\BaseGameTestHelper.cpp">
      <Filter>Source Files</Filter>
    </ClCompile>
    <ClCompile Include="..\GameTestRunner.cpp">
      <Filter>Source Files</Filter>
    </ClCompile>
    <ClCompile Include="..\GameTestBatch.cpp">
      <Filter>Source Files</Filter>
    </ClCompile>
    <ClCompile Include="..\MultipleTestTracker.cpp">
      <Filter>Source Files</Filter>
    </ClCompile>
    <ClCompile Include="..\GameTestBatchRunner.cpp">
      <Filter>Source Files</Filter>
    </ClCompile>
  </ItemGroup>
  <ItemGroup>
    <ClInclude Include="..\GameTestError.h">
      <Filter>Source Files</Filter>
    </ClInclude>
    <ClInclude Include="..\GameTestInstance.h">
      <Filter>Source Files</Filter>
    </ClInclude>
    <ClInclude Include="..\GameTestRunner.h">
      <Filter>Source Files</Filter>
    </ClInclude>
    <ClInclude Include="..\GameTestSequence.h">
      <Filter>Source Files</Filter>
    </ClInclude>
    <ClInclude Include="..\GameTestTicker.h">
      <Filter>Source Files</Filter>
    </ClInclude>
    <ClInclude Include="..\IGameTestHelperProvider.h">
      <Filter>Source Files</Filter>
    </ClInclude>
    <ClInclude Include="..\IGameTestListener.h">
      <Filter>Source Files</Filter>
    </ClInclude>
    <ClInclude Include="..\IGameTestProvider.h">
      <Filter>Source Files</Filter>
    </ClInclude>
    <ClInclude Include="..\MultipleTestTracker.h">
      <Filter>Source Files</Filter>
    </ClInclude>
    <ClInclude Include="..\NativeFunctionGameTestAction.h">
      <Filter>Source Files</Filter>
    </ClInclude>
    <ClInclude Include="..\BaseGameTestAction.h">
      <Filter>Source Files</Filter>
    </ClInclude>
    <ClInclude Include="..\BaseGameTestFunction.h">
      <Filter>Source Files</Filter>
    </ClInclude>
    <ClInclude Include="..\BaseGameTestHelper.h">
      <Filter>Source Files</Filter>
    </ClInclude>
    <ClInclude Include="..\ConsoleGameTestListener.h">
      <Filter>Source Files</Filter>
    </ClInclude>
    <ClInclude Include="..\GameTestBatchRunner.h">
      <Filter>Source Files</Filter>
    </ClInclude>
    <ClInclude Include="..\GameTestBatch.h">
      <Filter>Source Files</Filter>
    </ClInclude>
  </ItemGroup>
</Project>